{
  "requires": true,
  "lockfileVersion": 1,
  "dependencies": {
    "jszip": {
      "version": "2.5.0",
      "resolved": "https://registry.npmjs.org/jszip/-/jszip-2.5.0.tgz",
      "integrity": "sha1-dET9hVHd8+XacZj+oMkbyDCMwnQ=",
      "requires": {
        "pako": "0.2.9"
      }
    },
    "pako": {
      "version": "0.2.9",
      "resolved": "https://registry.npmjs.org/pako/-/pako-0.2.9.tgz",
      "integrity": "sha1-8/dSL073gjSNqBYbrZ7P1Rv4OnU="
    }
  }
}
